// !$*UTF8*$!
{
	archiveVersion = 1;
	classes = {
	};
	objectVersion = 50;
	objects = {

/* Begin PBXBuildFile section */
		AA2F7AE321D4AB4400536267 /* DemoViewController.swift in Sources */ = {isa = PBXBuildFile; fileRef = AA2F7AE221D4AB4400536267 /* DemoViewController.swift */; };
		AA2F7AE521D4ABCB00536267 /* HXReuseable.swift in Sources */ = {isa = PBXBuildFile; fileRef = AA2F7AE421D4ABCB00536267 /* HXReuseable.swift */; };
		AA3C863921D335D7002DBAE8 /* HXAlertTool.swift in Sources */ = {isa = PBXBuildFile; fileRef = AA3C863821D335D7002DBAE8 /* HXAlertTool.swift */; };
		AA3C863D21D34C2E002DBAE8 /* HXGlobalTool.swift in Sources */ = {isa = PBXBuildFile; fileRef = AA3C863C21D34C2E002DBAE8 /* HXGlobalTool.swift */; };
		AA3C863F21D35205002DBAE8 /* HXGlobalFuncs.swift in Sources */ = {isa = PBXBuildFile; fileRef = AA3C863E21D35205002DBAE8 /* HXGlobalFuncs.swift */; };
		AA44B75321D61D5B00DCA79F /* HXGlobalConsts.swift in Sources */ = {isa = PBXBuildFile; fileRef = AA44B75221D61D5B00DCA79F /* HXGlobalConsts.swift */; };
		AA57D4D021D1CF54002B9F29 /* UIImage+HXTools.swift in Sources */ = {isa = PBXBuildFile; fileRef = AA57D4CF21D1CF54002B9F29 /* UIImage+HXTools.swift */; };
		AA6124C021CDD7830062768C /* Dictionary+HXTools.swift in Sources */ = {isa = PBXBuildFile; fileRef = AA6124BF21CDD7830062768C /* Dictionary+HXTools.swift */; };
		AA6124C221CDF26B0062768C /* Date+HXTools.swift in Sources */ = {isa = PBXBuildFile; fileRef = AA6124C121CDF26B0062768C /* Date+HXTools.swift */; };
		AA66952621D8952400C0192D /* DispathQueue+HXTools.swift in Sources */ = {isa = PBXBuildFile; fileRef = AA66952521D8952400C0192D /* DispathQueue+HXTools.swift */; };
		AA79714E21CCDFEF00A75C22 /* AppDelegate.swift in Sources */ = {isa = PBXBuildFile; fileRef = AA79714D21CCDFEF00A75C22 /* AppDelegate.swift */; };
		AA79715321CCDFEF00A75C22 /* Main.storyboard in Resources */ = {isa = PBXBuildFile; fileRef = AA79715121CCDFEF00A75C22 /* Main.storyboard */; };
		AA79715521CCDFEF00A75C22 /* Assets.xcassets in Resources */ = {isa = PBXBuildFile; fileRef = AA79715421CCDFEF00A75C22 /* Assets.xcassets */; };
		AA79715821CCDFEF00A75C22 /* LaunchScreen.storyboard in Resources */ = {isa = PBXBuildFile; fileRef = AA79715621CCDFEF00A75C22 /* LaunchScreen.storyboard */; };
		AA79716121CCE03C00A75C22 /* UIView+HXTools.swift in Sources */ = {isa = PBXBuildFile; fileRef = AA79716021CCE03C00A75C22 /* UIView+HXTools.swift */; };
		AA79716821CCE8AB00A75C22 /* UIColor+HXTools.swift in Sources */ = {isa = PBXBuildFile; fileRef = AA79716721CCE8AB00A75C22 /* UIColor+HXTools.swift */; };
		AA79716A21CCEDF000A75C22 /* Array+HXTools.swift in Sources */ = {isa = PBXBuildFile; fileRef = AA79716921CCEDF000A75C22 /* Array+HXTools.swift */; };
		AAFDFF3021D07CB2005E8976 /* String+HXTools.swift in Sources */ = {isa = PBXBuildFile; fileRef = AAFDFF2F21D07CB2005E8976 /* String+HXTools.swift */; };
/* End PBXBuildFile section */

/* Begin PBXFileReference section */
		AA2F7AE221D4AB4400536267 /* DemoViewController.swift */ = {isa = PBXFileReference; lastKnownFileType = sourcecode.swift; path = DemoViewController.swift; sourceTree = "<group>"; };
		AA2F7AE421D4ABCB00536267 /* HXReuseable.swift */ = {isa = PBXFileReference; lastKnownFileType = sourcecode.swift; path = HXReuseable.swift; sourceTree = "<group>"; };
		AA3C863821D335D7002DBAE8 /* HXAlertTool.swift */ = {isa = PBXFileReference; lastKnownFileType = sourcecode.swift; path = HXAlertTool.swift; sourceTree = "<group>"; };
		AA3C863C21D34C2E002DBAE8 /* HXGlobalTool.swift */ = {isa = PBXFileReference; lastKnownFileType = sourcecode.swift; path = HXGlobalTool.swift; sourceTree = "<group>"; };
		AA3C863E21D35205002DBAE8 /* HXGlobalFuncs.swift */ = {isa = PBXFileReference; lastKnownFileType = sourcecode.swift; path = HXGlobalFuncs.swift; sourceTree = "<group>"; };
		AA44B75221D61D5B00DCA79F /* HXGlobalConsts.swift */ = {isa = PBXFileReference; lastKnownFileType = sourcecode.swift; path = HXGlobalConsts.swift; sourceTree = "<group>"; };
		AA57D4CF21D1CF54002B9F29 /* UIImage+HXTools.swift */ = {isa = PBXFileReference; lastKnownFileType = sourcecode.swift; path = "UIImage+HXTools.swift"; sourceTree = "<group>"; };
		AA6124BF21CDD7830062768C /* Dictionary+HXTools.swift */ = {isa = PBXFileReference; lastKnownFileType = sourcecode.swift; path = "Dictionary+HXTools.swift"; sourceTree = "<group>"; };
		AA6124C121CDF26B0062768C /* Date+HXTools.swift */ = {isa = PBXFileReference; lastKnownFileType = sourcecode.swift; path = "Date+HXTools.swift"; sourceTree = "<group>"; };
		AA66952521D8952400C0192D /* DispathQueue+HXTools.swift */ = {isa = PBXFileReference; lastKnownFileType = sourcecode.swift; path = "DispathQueue+HXTools.swift"; sourceTree = "<group>"; };
		AA79714A21CCDFEF00A75C22 /* HXTools.app */ = {isa = PBXFileReference; explicitFileType = wrapper.application; includeInIndex = 0; path = HXTools.app; sourceTree = BUILT_PRODUCTS_DIR; };
		AA79714D21CCDFEF00A75C22 /* AppDelegate.swift */ = {isa = PBXFileReference; lastKnownFileType = sourcecode.swift; path = AppDelegate.swift; sourceTree = "<group>"; };
		AA79715221CCDFEF00A75C22 /* Base */ = {isa = PBXFileReference; lastKnownFileType = file.storyboard; name = Base; path = Base.lproj/Main.storyboard; sourceTree = "<group>"; };
		AA79715421CCDFEF00A75C22 /* Assets.xcassets */ = {isa = PBXFileReference; lastKnownFileType = folder.assetcatalog; path = Assets.xcassets; sourceTree = "<group>"; };
		AA79715721CCDFEF00A75C22 /* Base */ = {isa = PBXFileReference; lastKnownFileType = file.storyboard; name = Base; path = Base.lproj/LaunchScreen.storyboard; sourceTree = "<group>"; };
		AA79715921CCDFEF00A75C22 /* Info.plist */ = {isa = PBXFileReference; lastKnownFileType = text.plist.xml; path = Info.plist; sourceTree = "<group>"; };
		AA79716021CCE03C00A75C22 /* UIView+HXTools.swift */ = {isa = PBXFileReference; lastKnownFileType = sourcecode.swift; path = "UIView+HXTools.swift"; sourceTree = "<group>"; };
		AA79716721CCE8AB00A75C22 /* UIColor+HXTools.swift */ = {isa = PBXFileReference; lastKnownFileType = sourcecode.swift; path = "UIColor+HXTools.swift"; sourceTree = "<group>"; };
		AA79716921CCEDF000A75C22 /* Array+HXTools.swift */ = {isa = PBXFileReference; lastKnownFileType = sourcecode.swift; path = "Array+HXTools.swift"; sourceTree = "<group>"; };
		AAFDFF2F21D07CB2005E8976 /* String+HXTools.swift */ = {isa = PBXFileReference; lastKnownFileType = sourcecode.swift; path = "String+HXTools.swift"; sourceTree = "<group>"; };
/* End PBXFileReference section */

/* Begin PBXFrameworksBuildPhase section */
		AA79714721CCDFEF00A75C22 /* Frameworks */ = {
			isa = PBXFrameworksBuildPhase;
			buildActionMask = 2147483647;
			files = (
			);
			runOnlyForDeploymentPostprocessing = 0;
		};
/* End PBXFrameworksBuildPhase section */

/* Begin PBXGroup section */
		AA2F7ABB21D49E3900536267 /* Custom */ = {
			isa = PBXGroup;
			children = (
				AA3C863821D335D7002DBAE8 /* HXAlertTool.swift */,
				AA2F7AE421D4ABCB00536267 /* HXReuseable.swift */,
			);
			path = Custom;
			sourceTree = "<group>";
		};
		AA2F7ABC21D49E4800536267 /* Global */ = {
			isa = PBXGroup;
			children = (
				AA3C863C21D34C2E002DBAE8 /* HXGlobalTool.swift */,
				AA44B75221D61D5B00DCA79F /* HXGlobalConsts.swift */,
				AA3C863E21D35205002DBAE8 /* HXGlobalFuncs.swift */,
			);
			path = Global;
			sourceTree = "<group>";
		};
		AA3C863721D3358E002DBAE8 /* Extensions */ = {
			isa = PBXGroup;
			children = (
				AA79716221CCE04500A75C22 /* UIKit */,
				AA79716B21CCEDF500A75C22 /* Foundation */,
			);
			path = Extensions;
			sourceTree = "<group>";
		};
		AA79714121CCDFEF00A75C22 = {
			isa = PBXGroup;
			children = (
				AA79714C21CCDFEF00A75C22 /* HXTools */,
				AA79714B21CCDFEF00A75C22 /* Products */,
			);
			sourceTree = "<group>";
		};
		AA79714B21CCDFEF00A75C22 /* Products */ = {
			isa = PBXGroup;
			children = (
				AA79714A21CCDFEF00A75C22 /* HXTools.app */,
			);
			name = Products;
			sourceTree = "<group>";
		};
		AA79714C21CCDFEF00A75C22 /* HXTools */ = {
			isa = PBXGroup;
			children = (
				AA79715F21CCDFFB00A75C22 /* HXTools */,
				AA79714D21CCDFEF00A75C22 /* AppDelegate.swift */,
				AA2F7AE221D4AB4400536267 /* DemoViewController.swift */,
				AA79715121CCDFEF00A75C22 /* Main.storyboard */,
				AA79715421CCDFEF00A75C22 /* Assets.xcassets */,
				AA79715621CCDFEF00A75C22 /* LaunchScreen.storyboard */,
				AA79715921CCDFEF00A75C22 /* Info.plist */,
			);
			path = HXTools;
			sourceTree = "<group>";
		};
		AA79715F21CCDFFB00A75C22 /* HXTools */ = {
			isa = PBXGroup;
			children = (
				AA2F7ABC21D49E4800536267 /* Global */,
				AA3C863721D3358E002DBAE8 /* Extensions */,
				AA2F7ABB21D49E3900536267 /* Custom */,
			);
			path = HXTools;
			sourceTree = "<group>";
		};
		AA79716221CCE04500A75C22 /* UIKit */ = {
			isa = PBXGroup;
			children = (
				AA79716021CCE03C00A75C22 /* UIView+HXTools.swift */,
				AA79716721CCE8AB00A75C22 /* UIColor+HXTools.swift */,
				AA57D4CF21D1CF54002B9F29 /* UIImage+HXTools.swift */,
			);
			path = UIKit;
			sourceTree = "<group>";
		};
		AA79716B21CCEDF500A75C22 /* Foundation */ = {
			isa = PBXGroup;
			children = (
				AA79716921CCEDF000A75C22 /* Array+HXTools.swift */,
				AA6124BF21CDD7830062768C /* Dictionary+HXTools.swift */,
				AA6124C121CDF26B0062768C /* Date+HXTools.swift */,
				AAFDFF2F21D07CB2005E8976 /* String+HXTools.swift */,
				AA66952521D8952400C0192D /* DispathQueue+HXTools.swift */,
			);
			path = Foundation;
			sourceTree = "<group>";
		};
/* End PBXGroup section */

/* Begin PBXNativeTarget section */
		AA79714921CCDFEF00A75C22 /* HXTools */ = {
			isa = PBXNativeTarget;
			buildConfigurationList = AA79715C21CCDFEF00A75C22 /* Build configuration list for PBXNativeTarget "HXTools" */;
			buildPhases = (
				AA79714621CCDFEF00A75C22 /* Sources */,
				AA79714721CCDFEF00A75C22 /* Frameworks */,
				AA79714821CCDFEF00A75C22 /* Resources */,
			);
			buildRules = (
			);
			dependencies = (
			);
			name = HXTools;
			productName = HXTools;
			productReference = AA79714A21CCDFEF00A75C22 /* HXTools.app */;
			productType = "com.apple.product-type.application";
		};
/* End PBXNativeTarget section */

/* Begin PBXProject section */
		AA79714221CCDFEF00A75C22 /* Project object */ = {
			isa = PBXProject;
			attributes = {
				LastSwiftUpdateCheck = 1010;
				LastUpgradeCheck = 1010;
				ORGANIZATIONNAME = WHX;
				TargetAttributes = {
					AA79714921CCDFEF00A75C22 = {
						CreatedOnToolsVersion = 10.1;
					};
				};
			};
			buildConfigurationList = AA79714521CCDFEF00A75C22 /* Build configuration list for PBXProject "HXTools" */;
			compatibilityVersion = "Xcode 9.3";
			developmentRegion = en;
			hasScannedForEncodings = 0;
			knownRegions = (
				en,
				Base,
			);
			mainGroup = AA79714121CCDFEF00A75C22;
			productRefGroup = AA79714B21CCDFEF00A75C22 /* Products */;
			projectDirPath = "";
			projectRoot = "";
			targets = (
				AA79714921CCDFEF00A75C22 /* HXTools */,
			);
		};
/* End PBXProject section */

/* Begin PBXResourcesBuildPhase section */
		AA79714821CCDFEF00A75C22 /* Resources */ = {
			isa = PBXResourcesBuildPhase;
			buildActionMask = 2147483647;
			files = (
				AA79715821CCDFEF00A75C22 /* LaunchScreen.storyboard in Resources */,
				AA79715521CCDFEF00A75C22 /* Assets.xcassets in Resources */,
				AA79715321CCDFEF00A75C22 /* Main.storyboard in Resources */,
			);
			runOnlyForDeploymentPostprocessing = 0;
		};
/* End PBXResourcesBuildPhase section */

/* Begin PBXSourcesBuildPhase section */
		AA79714621CCDFEF00A75C22 /* Sources */ = {
			isa = PBXSourcesBuildPhase;
			buildActionMask = 2147483647;
			files = (
				AA66952621D8952400C0192D /* DispathQueue+HXTools.swift in Sources */,
				AA79716821CCE8AB00A75C22 /* UIColor+HXTools.swift in Sources */,
				AA79714E21CCDFEF00A75C22 /* AppDelegate.swift in Sources */,
				AA79716A21CCEDF000A75C22 /* Array+HXTools.swift in Sources */,
				AA6124C021CDD7830062768C /* Dictionary+HXTools.swift in Sources */,
				AA44B75321D61D5B00DCA79F /* HXGlobalConsts.swift in Sources */,
				AA3C863D21D34C2E002DBAE8 /* HXGlobalTool.swift in Sources */,
				AA2F7AE321D4AB4400536267 /* DemoViewController.swift in Sources */,
				AAFDFF3021D07CB2005E8976 /* String+HXTools.swift in Sources */,
				AA3C863921D335D7002DBAE8 /* HXAlertTool.swift in Sources */,
				AA57D4D021D1CF54002B9F29 /* UIImage+HXTools.swift in Sources */,
				AA2F7AE521D4ABCB00536267 /* HXReuseable.swift in Sources */,
				AA3C863F21D35205002DBAE8 /* HXGlobalFuncs.swift in Sources */,
				AA79716121CCE03C00A75C22 /* UIView+HXTools.swift in Sources */,
				AA6124C221CDF26B0062768C /* Date+HXTools.swift in Sources */,
			);
			runOnlyForDeploymentPostprocessing = 0;
		};
/* End PBXSourcesBuildPhase section */

/* Begin PBXVariantGroup section */
		AA79715121CCDFEF00A75C22 /* Main.storyboard */ = {
			isa = PBXVariantGroup;
			children = (
				AA79715221CCDFEF00A75C22 /* Base */,
			);
			name = Main.storyboard;
			sourceTree = "<group>";
		};
		AA79715621CCDFEF00A75C22 /* LaunchScreen.storyboard */ = {
			isa = PBXVariantGroup;
			children = (
				AA79715721CCDFEF00A75C22 /* Base */,
			);
			name = LaunchScreen.storyboard;
			sourceTree = "<group>";
		};
/* End PBXVariantGroup section */

/* Begin XCBuildConfiguration section */
		AA79715A21CCDFEF00A75C22 /* Debug */ = {
			isa = XCBuildConfiguration;
			buildSettings = {
				ALWAYS_SEARCH_USER_PATHS = NO;
				CLANG_ANALYZER_NONNULL = YES;
				CLANG_ANALYZER_NUMBER_OBJECT_CONVERSION = YES_AGGRESSIVE;
				CLANG_CXX_LANGUAGE_STANDARD = "gnu++14";
				CLANG_CXX_LIBRARY = "libc++";
				CLANG_ENABLE_MODULES = YES;
				CLANG_ENABLE_OBJC_ARC = YES;
				CLANG_ENABLE_OBJC_WEAK = YES;
				CLANG_WARN_BLOCK_CAPTURE_AUTORELEASING = YES;
				CLANG_WARN_BOOL_CONVERSION = YES;
				CLANG_WARN_COMMA = YES;
				CLANG_WARN_CONSTANT_CONVERSION = YES;
				CLANG_WARN_DEPRECATED_OBJC_IMPLEMENTATIONS = YES;
				CLANG_WARN_DIRECT_OBJC_ISA_USAGE = YES_ERROR;
				CLANG_WARN_DOCUMENTATION_COMMENTS = YES;
				CLANG_WARN_EMPTY_BODY = YES;
				CLANG_WARN_ENUM_CONVERSION = YES;
				CLANG_WARN_INFINITE_RECURSION = YES;
				CLANG_WARN_INT_CONVERSION = YES;
				CLANG_WARN_NON_LITERAL_NULL_CONVERSION = YES;
				CLANG_WARN_OBJC_IMPLICIT_RETAIN_SELF = YES;
				CLANG_WARN_OBJC_LITERAL_CONVERSION = YES;
				CLANG_WARN_OBJC_ROOT_CLASS = YES_ERROR;
				CLANG_WARN_RANGE_LOOP_ANALYSIS = YES;
				CLANG_WARN_STRICT_PROTOTYPES = YES;
				CLANG_WARN_SUSPICIOUS_MOVE = YES;
				CLANG_WARN_UNGUARDED_AVAILABILITY = YES_AGGRESSIVE;
				CLANG_WARN_UNREACHABLE_CODE = YES;
				CLANG_WARN__DUPLICATE_METHOD_MATCH = YES;
				CODE_SIGN_IDENTITY = "iPhone Developer";
				COPY_PHASE_STRIP = NO;
				DEBUG_INFORMATION_FORMAT = dwarf;
				ENABLE_STRICT_OBJC_MSGSEND = YES;
				ENABLE_TESTABILITY = YES;
				GCC_C_LANGUAGE_STANDARD = gnu11;
				GCC_DYNAMIC_NO_PIC = NO;
				GCC_NO_COMMON_BLOCKS = YES;
				GCC_OPTIMIZATION_LEVEL = 0;
				GCC_PREPROCESSOR_DEFINITIONS = (
					"DEBUG=1",
					"$(inherited)",
				);
				GCC_WARN_64_TO_32_BIT_CONVERSION = YES;
				GCC_WARN_ABOUT_RETURN_TYPE = YES_ERROR;
				GCC_WARN_UNDECLARED_SELECTOR = YES;
				GCC_WARN_UNINITIALIZED_AUTOS = YES_AGGRESSIVE;
				GCC_WARN_UNUSED_FUNCTION = YES;
				GCC_WARN_UNUSED_VARIABLE = YES;
				IPHONEOS_DEPLOYMENT_TARGET = 12.1;
				MTL_ENABLE_DEBUG_INFO = INCLUDE_SOURCE;
				MTL_FAST_MATH = YES;
				ONLY_ACTIVE_ARCH = YES;
				SDKROOT = iphoneos;
				SWIFT_ACTIVE_COMPILATION_CONDITIONS = DEBUG;
				SWIFT_OPTIMIZATION_LEVEL = "-Onone";
			};
			name = Debug;
		};
		AA79715B21CCDFEF00A75C22 /* Release */ = {
			isa = XCBuildConfiguration;
			buildSettings = {
				ALWAYS_SEARCH_USER_PATHS = NO;
				CLANG_ANALYZER_NONNULL = YES;
				CLANG_ANALYZER_NUMBER_OBJECT_CONVERSION = YES_AGGRESSIVE;
				CLANG_CXX_LANGUAGE_STANDARD = "gnu++14";
				CLANG_CXX_LIBRARY = "libc++";
				CLANG_ENABLE_MODULES = YES;
				CLANG_ENABLE_OBJC_ARC = YES;
				CLANG_ENABLE_OBJC_WEAK = YES;
				CLANG_WARN_BLOCK_CAPTURE_AUTORELEASING = YES;
				CLANG_WARN_BOOL_CONVERSION = YES;
				CLANG_WARN_COMMA = YES;
				CLANG_WARN_CONSTANT_CONVERSION = YES;
				CLANG_WARN_DEPRECATED_OBJC_IMPLEMENTATIONS = YES;
				CLANG_WARN_DIRECT_OBJC_ISA_USAGE = YES_ERROR;
				CLANG_WARN_DOCUMENTATION_COMMENTS = YES;
				CLANG_WARN_EMPTY_BODY = YES;
				CLANG_WARN_ENUM_CONVERSION = YES;
				CLANG_WARN_INFINITE_RECURSION = YES;
				CLANG_WARN_INT_CONVERSION = YES;
				CLANG_WARN_NON_LITERAL_NULL_CONVERSION = YES;
				CLANG_WARN_OBJC_IMPLICIT_RETAIN_SELF = YES;
				CLANG_WARN_OBJC_LITERAL_CONVERSION = YES;
				CLANG_WARN_OBJC_ROOT_CLASS = YES_ERROR;
				CLANG_WARN_RANGE_LOOP_ANALYSIS = YES;
				CLANG_WARN_STRICT_PROTOTYPES = YES;
				CLANG_WARN_SUSPICIOUS_MOVE = YES;
				CLANG_WARN_UNGUARDED_AVAILABILITY = YES_AGGRESSIVE;
				CLANG_WARN_UNREACHABLE_CODE = YES;
				CLANG_WARN__DUPLICATE_METHOD_MATCH = YES;
				CODE_SIGN_IDENTITY = "iPhone Developer";
				COPY_PHASE_STRIP = NO;
				DEBUG_INFORMATION_FORMAT = "dwarf-with-dsym";
				ENABLE_NS_ASSERTIONS = NO;
				ENABLE_STRICT_OBJC_MSGSEND = YES;
				GCC_C_LANGUAGE_STANDARD = gnu11;
				GCC_NO_COMMON_BLOCKS = YES;
				GCC_WARN_64_TO_32_BIT_CONVERSION = YES;
				GCC_WARN_ABOUT_RETURN_TYPE = YES_ERROR;
				GCC_WARN_UNDECLARED_SELECTOR = YES;
				GCC_WARN_UNINITIALIZED_AUTOS = YES_AGGRESSIVE;
				GCC_WARN_UNUSED_FUNCTION = YES;
				GCC_WARN_UNUSED_VARIABLE = YES;
				IPHONEOS_DEPLOYMENT_TARGET = 12.1;
				MTL_ENABLE_DEBUG_INFO = NO;
				MTL_FAST_MATH = YES;
				SDKROOT = iphoneos;
				SWIFT_COMPILATION_MODE = wholemodule;
				SWIFT_OPTIMIZATION_LEVEL = "-O";
				VALIDATE_PRODUCT = YES;
			};
			name = Release;
		};
		AA79715D21CCDFEF00A75C22 /* Debug */ = {
			isa = XCBuildConfiguration;
			buildSettings = {
				ASSETCATALOG_COMPILER_APPICON_NAME = AppIcon;
				CODE_SIGN_STYLE = Automatic;
				DEVELOPMENT_TEAM = 8L8TDBU7CV;
				INFOPLIST_FILE = HXTools/Info.plist;
				IPHONEOS_DEPLOYMENT_TARGET = 9.0;
				LD_RUNPATH_SEARCH_PATHS = (
					"$(inherited)",
					"@executable_path/Frameworks",
				);
				PRODUCT_BUNDLE_IDENTIFIER = com.yingxiang.HXTools;
				PRODUCT_NAME = "$(TARGET_NAME)";
				SWIFT_VERSION = 4.2;
				TARGETED_DEVICE_FAMILY = "1,2";
			};
			name = Debug;
		};
		AA79715E21CCDFEF00A75C22 /* Release */ = {
			isa = XCBuildConfiguration;
			buildSettings = {
				ASSETCATALOG_COMPILER_APPICON_NAME = AppIcon;
				CODE_SIGN_STYLE = Automatic;
				DEVELOPMENT_TEAM = 8L8TDBU7CV;
				INFOPLIST_FILE = HXTools/Info.plist;
				IPHONEOS_DEPLOYMENT_TARGET = 9.0;
				LD_RUNPATH_SEARCH_PATHS = (
					"$(inherited)",
					"@executable_path/Frameworks",
				);
				PRODUCT_BUNDLE_IDENTIFIER = com.yingxiang.HXTools;
				PRODUCT_NAME = "$(TARGET_NAME)";
				SWIFT_VERSION = 4.2;
				TARGETED_DEVICE_FAMILY = "1,2";
			};
			name = Release;
		};
/* End XCBuildConfiguration section */

/* Begin XCConfigurationList section */
		AA79714521CCDFEF00A75C22 /* Build configuration list for PBXProject "HXTools" */ = {
			isa = XCConfigurationList;
			buildConfigurations = (
				AA79715A21CCDFEF00A75C22 /* Debug */,
				AA79715B21CCDFEF00A75C22 /* Release */,
			);
			defaultConfigurationIsVisible = 0;
			defaultConfigurationName = Release;
		};
		AA79715C21CCDFEF00A75C22 /* Build configuration list for PBXNativeTarget "HXTools" */ = {
			isa = XCConfigurationList;
			buildConfigurations = (
				AA79715D21CCDFEF00A75C22 /* Debug */,
				AA79715E21CCDFEF00A75C22 /* Release */,
			);
			defaultConfigurationIsVisible = 0;
			defaultConfigurationName = Release;
		};
/* End XCConfigurationList section */
	};
	rootObject = AA79714221CCDFEF00A75C22 /* Project object */;
}
